# THIS IS AN AUTOGENERATED FILE. DO NOT EDIT THIS FILE DIRECTLY.
# yarn lockfile v1


timepicker-ui@^2.2.4:
  version "2.2.4"
  resolved "https://registry.yarnpkg.com/timepicker-ui/-/timepicker-ui-2.2.4.tgz#bc25e83a595706e1bb7a90d1d421d0e06d9b3b63"
  integrity sha512-ujw1/cRAV1KAyZODaty8JwUepprU56UaUa4KOKAeTqF+60ZQV5gBX6js55rSIR68ojbO2sVwu6X9I2XZCIup+w==
